Microsoft Visual Studio Solution File, Format Version 11.00
# Visual Studio 2008

Project("{3B00A289-1ECA-0BC7-FAE3-D2E2B65E9836}") = "End of the Line", "Assembly-CSharp-firstpass.csproj", "{6566A196-F657-0826-5101-BE55CEC8C61D}"
EndProject
Project("{3B00A289-1ECA-0BC7-FAE3-D2E2B65E9836}") = "End of the Line", "Assembly-CSharp.csproj", "{DAECB5C2-7E1D-4ADB-950F-0060BAD768E7}"
EndProject
Project("{3B00A289-1ECA-0BC7-FAE3-D2E2B65E9836}") = "End of the Line", "Assembly-CSharp-Editor.csproj", "{2E5810E2-6EF9-40D9-E5A9-088DF20EBA83}"
EndProject
Global
	GlobalSection(SolutionConfigurationPlatforms) = preSolution
		Debug|Any CPU = Debug|Any CPU
		Release|Any CPU = Release|Any CPU
	EndGlobalSection
	GlobalSection(ProjectConfigurationPlatforms) = postSolution
		{6566A196-F657-0826-5101-BE55CEC8C61D}.Debug|Any CPU.ActiveCfg = Debug|Any CPU
		{6566A196-F657-0826-5101-BE55CEC8C61D}.Debug|Any CPU.Build.0 = Debug|Any CPU
		{6566A196-F657-0826-5101-BE55CEC8C61D}.Release|Any CPU.ActiveCfg = Release|Any CPU
		{6566A196-F657-0826-5101-BE55CEC8C61D}.Release|Any CPU.Build.0 = Release|Any CPU
		{DAECB5C2-7E1D-4ADB-950F-0060BAD768E7}.Debug|Any CPU.ActiveCfg = Debug|Any CPU
		{DAECB5C2-7E1D-4ADB-950F-0060BAD768E7}.Debug|Any CPU.Build.0 = Debug|Any CPU
		{DAECB5C2-7E1D-4ADB-950F-0060BAD768E7}.Release|Any CPU.ActiveCfg = Release|Any CPU
		{DAECB5C2-7E1D-4ADB-950F-0060BAD768E7}.Release|Any CPU.Build.0 = Release|Any CPU
		{2E5810E2-6EF9-40D9-E5A9-088DF20EBA83}.Debug|Any CPU.ActiveCfg = Debug|Any CPU
		{2E5810E2-6EF9-40D9-E5A9-088DF20EBA83}.Debug|Any CPU.Build.0 = Debug|Any CPU
		{2E5810E2-6EF9-40D9-E5A9-088DF20EBA83}.Release|Any CPU.ActiveCfg = Release|Any CPU
		{2E5810E2-6EF9-40D9-E5A9-088DF20EBA83}.Release|Any CPU.Build.0 = Release|Any CPU
	EndGlobalSection
	GlobalSection(SolutionProperties) = preSolution
		HideSolutionNode = FALSE
	EndGlobalSection
	GlobalSection(MonoDevelopProperties) = preSolution
		StartupItem = Assembly-CSharp.csproj
	EndGlobalSection
EndGlobal
